PODS:
  - CocoaAsyncSocket (7.6.5)
  - CocoaMQTT (1.2.5):
    - CocoaAsyncSocket (~> 7.6.3)

DEPENDENCIES:
  - CocoaAsyncSocket
  - CocoaMQTT

SPEC REPOS:
  trunk:
    - CocoaAsyncSocket
    - CocoaMQTT

SPEC CHECKSUMS:
  CocoaAsyncSocket: 065fd1e645c7abab64f7a6a2007a48038fdc6a99
  CocoaMQTT: a61490ed3b328011c5d75169a77781983e2bb221

PODFILE CHECKSUM: 1de4bc53f6a75a5e0b8466bb4a015317de77f52d

COCOAPODS: 1.11.0
