PODS:
  - CocoaAsyncSocket (7.6.5)
  - CocoaMQTT (1.2.3):
    - CocoaAsyncSocket (~> 7.6.3)

DEPENDENCIES:
  - CocoaAsyncSocket
  - CocoaMQTT (= 1.2.3)

SPEC REPOS:
  trunk:
    - CocoaAsyncSocket
    - CocoaMQTT

SPEC CHECKSUMS:
  CocoaAsyncSocket: 065fd1e645c7abab64f7a6a2007a48038fdc6a99
  CocoaMQTT: 6a023b79d270fa4de251d82a76f52dad81f23cba

PODFILE CHECKSUM: 6e51d38213de487d7f4f37028b3fac245c5a698e

COCOAPODS: 1.11.0
